<?xml version="1.0" encoding="utf-8"?>
<Project ToolsVersion="4.0" xmlns="http://schemas.microsoft.com/developer/msbuild/2003">
  <ItemGroup>
    <Filter Include="Header Files">
      <UniqueIdentifier>{2f2c4a75-f563-4eda-81a8-99f05e978394}</UniqueIdentifier>
    </Filter>
    <Filter Include="Source Files">
      <UniqueIdentifier>{9dcb9da6-1c85-40b9-b875-9bdf9575be2d}</UniqueIdentifier>
    </Filter>
    <Filter Include="Header Files\src">
      <UniqueIdentifier>{637fcf9f-ecc3-4eb2-b67f-0fe03a49956d}</UniqueIdentifier>
    </Filter>
    <Filter Include="Source Files\src">
      <UniqueIdentifier>{d9a519c1-e1ea-4497-8426-3c89ea58f7c8}</UniqueIdentifier>
    </Filter>
    <Filter Include="Header Files\src\OT">
      <UniqueIdentifier>{bcb38de7-506c-488a-895d-e3b9e119284f}</UniqueIdentifier>
    </Filter>
    <Filter Include="Header Files\src\OT\Layout">
      <UniqueIdentifier>{4ea6f427-9655-4593-a529-8b4aee116bfd}</UniqueIdentifier>
    </Filter>
    <Filter Include="Header Files\src\OT\Layout\GSUB">
      <UniqueIdentifier>{811e5d85-e750-471e-9e55-58793eb8a678}</UniqueIdentifier>
    </Filter>
    <Filter Include="Header Files\src\graph">
      <UniqueIdentifier>{2babac6a-17f5-40eb-b9d1-ca374cd71057}</UniqueIdentifier>
    </Filter>
    <Filter Include="Header Files\src\OT\glyf">
      <UniqueIdentifier>{45670071-3735-4d67-ae78-4b1f8eb65898}</UniqueIdentifier>
    </Filter>
    <Filter Include="Header Files\src\OT\Layout\GPOS">
      <UniqueIdentifier>{c0921d50-4f3d-48a6-bc2f-8d6892820153}</UniqueIdentifier>
    </Filter>
    <Filter Include="Header Files\src\OT\Layout\Common">
      <UniqueIdentifier>{36f3999c-88ba-4d8a-b858-001ae69463b4}</UniqueIdentifier>
    </Filter>
    <Filter Include="Source Files\src\graph">
      <UniqueIdentifier>{4d612a66-062f-4a2d-9cd3-3e6426efb527}</UniqueIdentifier>
    </Filter>
    <Filter Include="Header Files\src\OT\Layout\GDEF">
      <UniqueIdentifier>{aa745a29-fcd5-4ab6-80af-f2efa3acaf12}</UniqueIdentifier>
    </Filter>
    <Filter Include="Header Files\src\OT\Color">
      <UniqueIdentifier>{6fd53376-da6b-4a57-a29c-6ca5734b4c8a}</UniqueIdentifier>
    </Filter>
    <Filter Include="Header Files\src\OT\Color\CBDT">
      <UniqueIdentifier>{f942eabf-1afd-4b73-9d07-7118f3acc354}</UniqueIdentifier>
    </Filter>
    <Filter Include="Header Files\src\OT\Color\COLR">
      <UniqueIdentifier>{e599ad9c-dca5-4cf2-b06f-a136da28286f}</UniqueIdentifier>
    </Filter>
    <Filter Include="Header Files\src\OT\Color\svg">
      <UniqueIdentifier>{d2380581-df70-414d-90d8-81f95c6b672a}</UniqueIdentifier>
    </Filter>
    <Filter Include="Header Files\src\OT\Color\CPAL">
      <UniqueIdentifier>{9cf6c24e-02ae-47db-a2c2-00d3f86084ab}</UniqueIdentifier>
    </Filter>
    <Filter Include="Header Files\src\OT\Color\sbix">
      <UniqueIdentifier>{8938e239-0fa1-4203-b0f9-4951017d6f77}</UniqueIdentifier>
    </Filter>
    <Filter Include="Header Files\src\OT\CBDT">
      <UniqueIdentifier>{bfb747ed-696e-4757-87b9-bfcce2868ffd}</UniqueIdentifier>
    </Filter>
    <Filter Include="Header Files\src\OT\name">
      <UniqueIdentifier>{e50e24c8-ece2-414b-a64e-6bd008991ddd}</UniqueIdentifier>
    </Filter>
  </ItemGroup>
  <ItemGroup>
    <ClInclude Include="config.h">
      <Filter>Header Files</Filter>
    </ClInclude>
    <ClInclude Include="..\src\hb.hh">
      <Filter>Header Files\src</Filter>
    </ClInclude>
    <ClInclude Include="..\src\hb-aat-layout.hh">
      <Filter>Header Files\src</Filter>
    </ClInclude>
    <ClInclude Include="..\src\hb-aat-layout-ankr-table.hh">
      <Filter>Header Files\src</Filter>
    </ClInclude>
    <ClInclude Include="..\src\hb-aat-layout-bsln-table.hh">
      <Filter>Header Files\src</Filter>
    </ClInclude>
    <ClInclude Include="..\src\hb-aat-layout-common.hh">
      <Filter>Header Files\src</Filter>
    </ClInclude>
    <ClInclude Include="..\src\hb-aat-layout-feat-table.hh">
      <Filter>Header Files\src</Filter>
    </ClInclude>
    <ClInclude Include="..\src\hb-aat-layout-kerx-table.hh">
      <Filter>Header Files\src</Filter>
    </ClInclude>
    <ClInclude Include="..\src\hb-aat-layout-morx-table.hh">
      <Filter>Header Files\src</Filter>
    </ClInclude>
    <ClInclude Include="..\src\hb-aat-layout-trak-table.hh">
      <Filter>Header Files\src</Filter>
    </ClInclude>
    <ClInclude Include="..\src\hb-aat-ltag-table.hh">
      <Filter>Header Files\src</Filter>
    </ClInclude>
    <ClInclude Include="..\src\hb-atomic.hh">
      <Filter>Header Files\src</Filter>
    </ClInclude>
    <ClInclude Include="..\src\hb-blob.hh">
      <Filter>Header Files\src</Filter>
    </ClInclude>
    <ClInclude Include="..\src\hb-buffer.hh">
      <Filter>Header Files\src</Filter>
    </ClInclude>
    <ClInclude Include="..\src\hb-buffer-deserialize-json.hh">
      <Filter>Header Files\src</Filter>
    </ClInclude>
    <ClInclude Include="..\src\hb-buffer-deserialize-text.hh">
      <Filter>Header Files\src</Filter>
    </ClInclude>
    <ClInclude Include="..\src\hb-debug.hh">
      <Filter>Header Files\src</Filter>
    </ClInclude>
    <ClInclude Include="..\src\hb-face.hh">
      <Filter>Header Files\src</Filter>
    </ClInclude>
    <ClInclude Include="..\src\hb-font.hh">
      <Filter>Header Files\src</Filter>
    </ClInclude>
    <ClInclude Include="..\src\hb-machinery.hh">
      <Filter>Header Files\src</Filter>
    </ClInclude>
    <ClInclude Include="..\src\hb-map.hh">
      <Filter>Header Files\src</Filter>
    </ClInclude>
    <ClInclude Include="..\src\hb-mutex.hh">
      <Filter>Header Files\src</Filter>
    </ClInclude>
    <ClInclude Include="..\src\hb-null.hh">
      <Filter>Header Files\src</Filter>
    </ClInclude>
    <ClInclude Include="..\src\hb-object.hh">
      <Filter>Header Files\src</Filter>
    </ClInclude>
    <ClInclude Include="..\src\hb-open-file.hh">
      <Filter>Header Files\src</Filter>
    </ClInclude>
    <ClInclude Include="..\src\hb-open-type.hh">
      <Filter>Header Files\src</Filter>
    </ClInclude>
    <ClInclude Include="..\src\hb-ot-cmap-table.hh">
      <Filter>Header Files\src</Filter>
    </ClInclude>
    <ClInclude Include="..\src\hb-ot-face.hh">
      <Filter>Header Files\src</Filter>
    </ClInclude>
    <ClInclude Include="..\src\hb-ot-glyf-table.hh">
      <Filter>Header Files\src</Filter>
    </ClInclude>
    <ClInclude Include="..\src\hb-ot-hdmx-table.hh">
      <Filter>Header Files\src</Filter>
    </ClInclude>
    <ClInclude Include="..\src\hb-ot-head-table.hh">
      <Filter>Header Files\src</Filter>
    </ClInclude>
    <ClInclude Include="..\src\hb-ot-hhea-table.hh">
      <Filter>Header Files\src</Filter>
    </ClInclude>
    <ClInclude Include="..\src\hb-ot-hmtx-table.hh">
      <Filter>Header Files\src</Filter>
    </ClInclude>
    <ClInclude Include="..\src\hb-ot-kern-table.hh">
      <Filter>Header Files\src</Filter>
    </ClInclude>
    <ClInclude Include="..\src\hb-ot-layout.hh">
      <Filter>Header Files\src</Filter>
    </ClInclude>
    <ClInclude Include="..\src\hb-ot-layout-base-table.hh">
      <Filter>Header Files\src</Filter>
    </ClInclude>
    <ClInclude Include="..\src\hb-ot-layout-common.hh">
      <Filter>Header Files\src</Filter>
    </ClInclude>
    <ClInclude Include="..\src\hb-ot-layout-gdef-table.hh">
      <Filter>Header Files\src</Filter>
    </ClInclude>
    <ClInclude Include="..\src\hb-ot-layout-gpos-table.hh">
      <Filter>Header Files\src</Filter>
    </ClInclude>
    <ClInclude Include="..\src\hb-ot-layout-gsubgpos.hh">
      <Filter>Header Files\src</Filter>
    </ClInclude>
    <ClInclude Include="..\src\hb-ot-layout-gsub-table.hh">
      <Filter>Header Files\src</Filter>
    </ClInclude>
    <ClInclude Include="..\src\hb-ot-layout-jstf-table.hh">
      <Filter>Header Files\src</Filter>
    </ClInclude>
    <ClInclude Include="..\src\hb-ot-map.hh">
      <Filter>Header Files\src</Filter>
    </ClInclude>
    <ClInclude Include="..\src\hb-ot-math-table.hh">
      <Filter>Header Files\src</Filter>
    </ClInclude>
    <ClInclude Include="..\src\hb-ot-maxp-table.hh">
      <Filter>Header Files\src</Filter>
    </ClInclude>
    <ClInclude Include="..\src\hb-ot-name-table.hh">
      <Filter>Header Files\src</Filter>
    </ClInclude>
    <ClInclude Include="..\src\hb-ot-os2-table.hh">
      <Filter>Header Files\src</Filter>
    </ClInclude>
    <ClInclude Include="..\src\hb-ot-os2-unicode-ranges.hh">
      <Filter>Header Files\src</Filter>
    </ClInclude>
    <ClInclude Include="..\src\hb-ot-post-macroman.hh">
      <Filter>Header Files\src</Filter>
    </ClInclude>
    <ClInclude Include="..\src\hb-ot-post-table.hh">
      <Filter>Header Files\src</Filter>
    </ClInclude>
    <ClInclude Include="..\src\hb-ot-shape.hh">
      <Filter>Header Files\src</Filter>
    </ClInclude>
    <ClInclude Include="..\src\hb-ot-shape-fallback.hh">
      <Filter>Header Files\src</Filter>
    </ClInclude>
    <ClInclude Include="..\src\hb-ot-shape-normalize.hh">
      <Filter>Header Files\src</Filter>
    </ClInclude>
    <ClInclude Include="..\src\hb-ot-var-avar-table.hh">
      <Filter>Header Files\src</Filter>
    </ClInclude>
    <ClInclude Include="..\src\hb-ot-var-fvar-table.hh">
      <Filter>Header Files\src</Filter>
    </ClInclude>
    <ClInclude Include="..\src\hb-ot-var-hvar-table.hh">
      <Filter>Header Files\src</Filter>
    </ClInclude>
    <ClInclude Include="..\src\hb-ot-var-mvar-table.hh">
      <Filter>Header Files\src</Filter>
    </ClInclude>
    <ClInclude Include="..\src\hb-set.hh">
      <Filter>Header Files\src</Filter>
    </ClInclude>
    <ClInclude Include="..\src\hb-set-digest.hh">
      <Filter>Header Files\src</Filter>
    </ClInclude>
    <ClInclude Include="..\src\hb-shape-plan.hh">
      <Filter>Header Files\src</Filter>
    </ClInclude>
    <ClInclude Include="..\src\hb-shaper.hh">
      <Filter>Header Files\src</Filter>
    </ClInclude>
    <ClInclude Include="..\src\hb-shaper-impl.hh">
      <Filter>Header Files\src</Filter>
    </ClInclude>
    <ClInclude Include="..\src\hb-shaper-list.hh">
      <Filter>Header Files\src</Filter>
    </ClInclude>
    <ClInclude Include="..\src\hb-string-array.hh">
      <Filter>Header Files\src</Filter>
    </ClInclude>
    <ClInclude Include="..\src\hb-subset.hh">
      <Filter>Header Files\src</Filter>
    </ClInclude>
    <ClInclude Include="..\src\hb-subset-input.hh">
      <Filter>Header Files\src</Filter>
    </ClInclude>
    <ClInclude Include="..\src\hb-subset-plan.hh">
      <Filter>Header Files\src</Filter>
    </ClInclude>
    <ClInclude Include="..\src\hb-unicode.hh">
      <Filter>Header Files\src</Filter>
    </ClInclude>
    <ClInclude Include="..\src\hb-utf.hh">
      <Filter>Header Files\src</Filter>
    </ClInclude>
    <ClInclude Include="..\src\hb-vector.hh">
      <Filter>Header Files\src</Filter>
    </ClInclude>
    <ClInclude Include="..\src\hb-cache.hh">
      <Filter>Header Files\src</Filter>
    </ClInclude>
    <ClInclude Include="..\src\hb-ot-tag-table.hh">
      <Filter>Header Files\src</Filter>
    </ClInclude>
    <ClInclude Include="..\src\hb-unicode-emoji-table.hh">
      <Filter>Header Files\src</Filter>
    </ClInclude>
    <ClInclude Include="..\src\hb-ot-name.h">
      <Filter>Header Files\src</Filter>
    </ClInclude>
    <ClInclude Include="..\src\hb-font.h">
      <Filter>Header Files\src</Filter>
    </ClInclude>
    <ClInclude Include="..\src\hb-aat-map.hh">
      <Filter>Header Files\src</Filter>
    </ClInclude>
    <ClInclude Include="..\src\hb-ot-vorg-table.hh">
      <Filter>Header Files\src</Filter>
    </ClInclude>
    <ClInclude Include="..\src\hb-ot-color.h">
      <Filter>Header Files\src</Filter>
    </ClInclude>
    <ClInclude Include="..\src\hb-ot-name-language.hh">
      <Filter>Header Files\src</Filter>
    </ClInclude>
    <ClInclude Include="..\src\hb-aat-layout-just-table.hh">
      <Filter>Header Files\src</Filter>
    </ClInclude>
    <ClInclude Include="..\src\hb-kern.hh">
      <Filter>Header Files\src</Filter>
    </ClInclude>
    <ClInclude Include="..\src\hb-ot-stat-table.hh">
      <Filter>Header Files\src</Filter>
    </ClInclude>
    <ClInclude Include="..\src\hb-aat.h">
      <Filter>Header Files\src</Filter>
    </ClInclude>
    <ClInclude Include="..\src\hb-aat-layout.h">
      <Filter>Header Files\src</Filter>
    </ClInclude>
    <ClInclude Include="..\src\hb-array.hh">
      <Filter>Header Files\src</Filter>
    </ClInclude>
    <ClInclude Include="..\src\hb-cff1-interp-cs.hh">
      <Filter>Header Files\src</Filter>
    </ClInclude>
    <ClInclude Include="..\src\hb-cff2-interp-cs.hh">
      <Filter>Header Files\src</Filter>
    </ClInclude>
    <ClInclude Include="..\src\hb-cff-interp-common.hh">
      <Filter>Header Files\src</Filter>
    </ClInclude>
    <ClInclude Include="..\src\hb-cff-interp-cs-common.hh">
      <Filter>Header Files\src</Filter>
    </ClInclude>
    <ClInclude Include="..\src\hb-cff-interp-dict-common.hh">
      <Filter>Header Files\src</Filter>
    </ClInclude>
    <ClInclude Include="..\src\hb-ot-cff1-table.hh">
      <Filter>Header Files\src</Filter>
    </ClInclude>
    <ClInclude Include="..\src\hb-ot-cff2-table.hh">
      <Filter>Header Files\src</Filter>
    </ClInclude>
    <ClInclude Include="..\src\hb-ot-cff-common.hh">
      <Filter>Header Files\src</Filter>
    </ClInclude>
    <ClInclude Include="..\src\hb-ot-gasp-table.hh">
      <Filter>Header Files\src</Filter>
    </ClInclude>
    <ClInclude Include="..\src\hb-subset-cff1.hh">
      <Filter>Header Files\src</Filter>
    </ClInclude>
    <ClInclude Include="..\src\hb-subset-cff2.hh">
      <Filter>Header Files\src</Filter>
    </ClInclude>
    <ClInclude Include="..\src\hb-subset-cff-common.hh">
      <Filter>Header Files\src</Filter>
    </ClInclude>
    <ClInclude Include="..\src\hb-ot-deprecated.h">
      <Filter>Header Files\src</Filter>
    </ClInclude>
    <ClInclude Include="..\src\hb-iter.hh">
      <Filter>Header Files\src</Filter>
    </ClInclude>
    <ClInclude Include="..\src\hb-algs.hh">
      <Filter>Header Files\src</Filter>
    </ClInclude>
    <ClInclude Include="..\src\hb-config.hh">
      <Filter>Header Files\src</Filter>
    </ClInclude>
    <ClInclude Include="..\src\hb-dispatch.hh">
      <Filter>Header Files\src</Filter>
    </ClInclude>
    <ClInclude Include="..\src\hb-meta.hh">
      <Filter>Header Files\src</Filter>
    </ClInclude>
    <ClInclude Include="..\src\hb-ot-name-language-static.hh">
      <Filter>Header Files\src</Filter>
    </ClInclude>
    <ClInclude Include="..\src\hb-pool.hh">
      <Filter>Header Files\src</Filter>
    </ClInclude>
    <ClInclude Include="..\src\hb-sanitize.hh">
      <Filter>Header Files\src</Filter>
    </ClInclude>
    <ClInclude Include="..\src\hb-serialize.hh">
      <Filter>Header Files\src</Filter>
    </ClInclude>
    <ClInclude Include="..\src\hb-ucd-table.hh">
      <Filter>Header Files\src</Filter>
    </ClInclude>
    <ClInclude Include="..\src\hb-ot-face-table-list.hh">
      <Filter>Header Files\src</Filter>
    </ClInclude>
    <ClInclude Include="..\src\hb-bimap.hh">
      <Filter>Header Files\src</Filter>
    </ClInclude>
    <ClInclude Include="..\src\hb-aat-layout-opbd-table.hh">
      <Filter>Header Files\src</Filter>
    </ClInclude>
    <ClInclude Include="..\src\hb-ot-meta-table.hh">
      <Filter>Header Files\src</Filter>
    </ClInclude>
    <ClInclude Include="..\src\hb-ot-metrics.hh">
      <Filter>Header Files\src</Filter>
    </ClInclude>
    <ClInclude Include="..\src\hb-number.hh">
      <Filter>Header Files\src</Filter>
    </ClInclude>
    <ClInclude Include="..\src\hb-ot-var-gvar-table.hh">
      <Filter>Header Files\src</Filter>
    </ClInclude>
    <ClInclude Include="..\src\hb-draw.h">
      <Filter>Header Files\src</Filter>
    </ClInclude>
    <ClInclude Include="..\src\hb-draw.hh">
      <Filter>Header Files\src</Filter>
    </ClInclude>
    <ClInclude Include="..\src\hb.h">
      <Filter>Header Files\src</Filter>
    </ClInclude>
    <ClInclude Include="..\src\hb-blob.h">
      <Filter>Header Files\src</Filter>
    </ClInclude>
    <ClInclude Include="..\src\hb-buffer.h">
      <Filter>Header Files\src</Filter>
    </ClInclude>
    <ClInclude Include="..\src\hb-common.h">
      <Filter>Header Files\src</Filter>
    </ClInclude>
    <ClInclude Include="..\src\hb-coretext.h">
      <Filter>Header Files\src</Filter>
    </ClInclude>
    <ClInclude Include="..\src\hb-deprecated.h">
      <Filter>Header Files\src</Filter>
    </ClInclude>
    <ClInclude Include="..\src\hb-directwrite.h">
      <Filter>Header Files\src</Filter>
    </ClInclude>
    <ClInclude Include="..\src\hb-face.h">
      <Filter>Header Files\src</Filter>
    </ClInclude>
    <ClInclude Include="..\src\hb-ft.h">
      <Filter>Header Files\src</Filter>
    </ClInclude>
    <ClInclude Include="..\src\hb-gdi.h">
      <Filter>Header Files\src</Filter>
    </ClInclude>
    <ClInclude Include="..\src\hb-glib.h">
      <Filter>Header Files\src</Filter>
    </ClInclude>
    <ClInclude Include="..\src\hb-gobject.h">
      <Filter>Header Files\src</Filter>
    </ClInclude>
    <ClInclude Include="..\src\hb-gobject-structs.h">
      <Filter>Header Files\src</Filter>
    </ClInclude>
    <ClInclude Include="..\src\hb-graphite2.h">
      <Filter>Header Files\src</Filter>
    </ClInclude>
    <ClInclude Include="..\src\hb-icu.h">
      <Filter>Header Files\src</Filter>
    </ClInclude>
    <ClInclude Include="..\src\hb-map.h">
      <Filter>Header Files\src</Filter>
    </ClInclude>
    <ClInclude Include="..\src\hb-number-parser.hh">
      <Filter>Header Files\src</Filter>
    </ClInclude>
    <ClInclude Include="..\src\hb-ot.h">
      <Filter>Header Files\src</Filter>
    </ClInclude>
    <ClInclude Include="..\src\hb-ot-cff1-std-str.hh">
      <Filter>Header Files\src</Filter>
    </ClInclude>
    <ClInclude Include="..\src\hb-ot-font.h">
      <Filter>Header Files\src</Filter>
    </ClInclude>
    <ClInclude Include="..\src\hb-ot-layout.h">
      <Filter>Header Files\src</Filter>
    </ClInclude>
    <ClInclude Include="..\src\hb-ot-math.h">
      <Filter>Header Files\src</Filter>
    </ClInclude>
    <ClInclude Include="..\src\hb-ot-meta.h">
      <Filter>Header Files\src</Filter>
    </ClInclude>
    <ClInclude Include="..\src\hb-ot-metrics.h">
      <Filter>Header Files\src</Filter>
    </ClInclude>
    <ClInclude Include="..\src\hb-ot-shape.h">
      <Filter>Header Files\src</Filter>
    </ClInclude>
    <ClInclude Include="..\src\hb-ot-var.h">
      <Filter>Header Files\src</Filter>
    </ClInclude>
    <ClInclude Include="..\src\hb-set.h">
      <Filter>Header Files\src</Filter>
    </ClInclude>
    <ClInclude Include="..\src\hb-shape.h">
      <Filter>Header Files\src</Filter>
    </ClInclude>
    <ClInclude Include="..\src\hb-shape-plan.h">
      <Filter>Header Files\src</Filter>
    </ClInclude>
    <ClInclude Include="..\src\hb-subset.h">
      <Filter>Header Files\src</Filter>
    </ClInclude>
    <ClInclude Include="..\src\hb-unicode.h">
      <Filter>Header Files\src</Filter>
    </ClInclude>
    <ClInclude Include="..\src\hb-uniscribe.h">
      <Filter>Header Files\src</Filter>
    </ClInclude>
    <ClInclude Include="..\src\hb-version.h">
      <Filter>Header Files\src</Filter>
    </ClInclude>
    <ClInclude Include="..\src\hb-ms-feature-ranges.hh">
      <Filter>Header Files\src</Filter>
    </ClInclude>
    <ClInclude Include="..\src\hb-ot-post-table-vs2subset.hh">
      <Filter>Header Files\src</Filter>
    </ClInclude>
    <ClInclude Include="..\src\hb-priority-queue.hh">
      <Filter>Header Files\src</Filter>
    </ClInclude>
    <ClInclude Include="..\src\hb-repacker.hh">
      <Filter>Header Files\src</Filter>
    </ClInclude>
    <ClInclude Include="..\src\hb-bit-set-invertible.hh">
      <Filter>Header Files\src</Filter>
    </ClInclude>
    <ClInclude Include="..\src\hb-bit-page.hh">
      <Filter>Header Files\src</Filter>
    </ClInclude>
    <ClInclude Include="..\src\hb-bit-set.hh">
      <Filter>Header Files\src</Filter>
    </ClInclude>
    <ClInclude Include="..\src\hb-ot-var-common.hh">
      <Filter>Header Files\src</Filter>
    </ClInclude>
    <ClInclude Include="..\src\hb-subset-repacker.h">
      <Filter>Header Files\src</Filter>
    </ClInclude>
    <ClInclude Include="..\src\OT\Layout\GSUB\AlternateSet.hh">
      <Filter>Header Files\src\OT\Layout\GSUB</Filter>
    </ClInclude>
    <ClInclude Include="..\src\OT\Layout\GSUB\AlternateSubst.hh">
      <Filter>Header Files\src\OT\Layout\GSUB</Filter>
    </ClInclude>
    <ClInclude Include="..\src\OT\Layout\GSUB\AlternateSubstFormat1.hh">
      <Filter>Header Files\src\OT\Layout\GSUB</Filter>
    </ClInclude>
    <ClInclude Include="..\src\OT\Layout\GSUB\ChainContextSubst.hh">
      <Filter>Header Files\src\OT\Layout\GSUB</Filter>
    </ClInclude>
    <ClInclude Include="..\src\OT\Layout\GSUB\Common.hh">
      <Filter>Header Files\src\OT\Layout\GSUB</Filter>
    </ClInclude>
    <ClInclude Include="..\src\OT\Layout\GSUB\ContextSubst.hh">
      <Filter>Header Files\src\OT\Layout\GSUB</Filter>
    </ClInclude>
    <ClInclude Include="..\src\OT\Layout\GSUB\ExtensionSubst.hh">
      <Filter>Header Files\src\OT\Layout\GSUB</Filter>
    </ClInclude>
    <ClInclude Include="..\src\OT\Layout\GSUB\GSUB.hh">
      <Filter>Header Files\src\OT\Layout\GSUB</Filter>
    </ClInclude>
    <ClInclude Include="..\src\OT\Layout\GSUB\Ligature.hh">
      <Filter>Header Files\src\OT\Layout\GSUB</Filter>
    </ClInclude>
    <ClInclude Include="..\src\OT\Layout\GSUB\LigatureSet.hh">
      <Filter>Header Files\src\OT\Layout\GSUB</Filter>
    </ClInclude>
    <ClInclude Include="..\src\OT\Layout\GSUB\LigatureSubst.hh">
      <Filter>Header Files\src\OT\Layout\GSUB</Filter>
    </ClInclude>
    <ClInclude Include="..\src\OT\Layout\GSUB\LigatureSubstFormat1.hh">
      <Filter>Header Files\src\OT\Layout\GSUB</Filter>
    </ClInclude>
    <ClInclude Include="..\src\OT\Layout\GSUB\MultipleSubst.hh">
      <Filter>Header Files\src\OT\Layout\GSUB</Filter>
    </ClInclude>
    <ClInclude Include="..\src\OT\Layout\GSUB\MultipleSubstFormat1.hh">
      <Filter>Header Files\src\OT\Layout\GSUB</Filter>
    </ClInclude>
    <ClInclude Include="..\src\OT\Layout\GSUB\ReverseChainSingleSubst.hh">
      <Filter>Header Files\src\OT\Layout\GSUB</Filter>
    </ClInclude>
    <ClInclude Include="..\src\OT\Layout\GSUB\ReverseChainSingleSubstFormat1.hh">
      <Filter>Header Files\src\OT\Layout\GSUB</Filter>
    </ClInclude>
    <ClInclude Include="..\src\OT\Layout\GSUB\Sequence.hh">
      <Filter>Header Files\src\OT\Layout\GSUB</Filter>
    </ClInclude>
    <ClInclude Include="..\src\OT\Layout\GSUB\SingleSubst.hh">
      <Filter>Header Files\src\OT\Layout\GSUB</Filter>
    </ClInclude>
    <ClInclude Include="..\src\OT\Layout\GSUB\SingleSubstFormat1.hh">
      <Filter>Header Files\src\OT\Layout\GSUB</Filter>
    </ClInclude>
    <ClInclude Include="..\src\OT\Layout\GSUB\SingleSubstFormat2.hh">
      <Filter>Header Files\src\OT\Layout\GSUB</Filter>
    </ClInclude>
    <ClInclude Include="..\src\OT\Layout\GSUB\SubstLookup.hh">
      <Filter>Header Files\src\OT\Layout\GSUB</Filter>
    </ClInclude>
    <ClInclude Include="..\src\OT\Layout\GSUB\SubstLookupSubTable.hh">
      <Filter>Header Files\src\OT\Layout\GSUB</Filter>
    </ClInclude>
    <ClInclude Include="..\src\hb-cplusplus.hh">
      <Filter>Header Files\src</Filter>
    </ClInclude>
    <ClInclude Include="..\src\graph\serialize.hh">
      <Filter>Header Files\src\graph</Filter>
    </ClInclude>
    <ClInclude Include="..\src\graph\graph.hh">
      <Filter>Header Files\src\graph</Filter>
    </ClInclude>
    <ClInclude Include="..\src\OT\glyf\CompositeGlyph.hh">
      <Filter>Header Files\src\OT\glyf</Filter>
    </ClInclude>
    <ClInclude Include="..\src\OT\glyf\glyf.hh">
      <Filter>Header Files\src\OT\glyf</Filter>
    </ClInclude>
    <ClInclude Include="..\src\OT\glyf\glyf-helpers.hh">
      <Filter>Header Files\src\OT\glyf</Filter>
    </ClInclude>
    <ClInclude Include="..\src\OT\glyf\Glyph.hh">
      <Filter>Header Files\src\OT\glyf</Filter>
    </ClInclude>
    <ClInclude Include="..\src\OT\glyf\GlyphHeader.hh">
      <Filter>Header Files\src\OT\glyf</Filter>
    </ClInclude>
    <ClInclude Include="..\src\hb-ot-shaper.hh">
      <Filter>Header Files\src\OT\glyf</Filter>
    </ClInclude>
    <ClInclude Include="..\src\hb-ot-shaper-arabic.hh">
      <Filter>Header Files\src\OT\glyf</Filter>
    </ClInclude>
    <ClInclude Include="..\src\hb-ot-shaper-arabic-fallback.hh">
      <Filter>Header Files\src\OT\glyf</Filter>
    </ClInclude>
    <ClInclude Include="..\src\hb-ot-shaper-arabic-joining-list.hh">
      <Filter>Header Files\src\OT\glyf</Filter>
    </ClInclude>
    <ClInclude Include="..\src\hb-ot-shaper-arabic-pua.hh">
      <Filter>Header Files\src\OT\glyf</Filter>
    </ClInclude>
    <ClInclude Include="..\src\hb-ot-shaper-arabic-table.hh">
      <Filter>Header Files\src\OT\glyf</Filter>
    </ClInclude>
    <ClInclude Include="..\src\hb-ot-shaper-arabic-win1256.hh">
      <Filter>Header Files\src\OT\glyf</Filter>
    </ClInclude>
    <ClInclude Include="..\src\hb-ot-shaper-indic.hh">
      <Filter>Header Files\src\OT\glyf</Filter>
    </ClInclude>
    <ClInclude Include="..\src\hb-ot-shaper-indic-machine.hh">
      <Filter>Header Files\src\OT\glyf</Filter>
    </ClInclude>
    <ClInclude Include="..\src\hb-ot-shaper-khmer-machine.hh">
      <Filter>Header Files\src\OT\glyf</Filter>
    </ClInclude>
    <ClInclude Include="..\src\hb-ot-shaper-myanmar-machine.hh">
      <Filter>Header Files\src\OT\glyf</Filter>
    </ClInclude>
    <ClInclude Include="..\src\hb-ot-shaper-syllabic.hh">
      <Filter>Header Files\src\OT\glyf</Filter>
    </ClInclude>
    <ClInclude Include="..\src\hb-ot-shaper-use-machine.hh">
      <Filter>Header Files\src\OT\glyf</Filter>
    </ClInclude>
    <ClInclude Include="..\src\hb-ot-shaper-use-table.hh">
      <Filter>Header Files\src\OT\glyf</Filter>
    </ClInclude>
    <ClInclude Include="..\src\hb-ot-shaper-vowel-constraints.hh">
      <Filter>Header Files\src\OT\glyf</Filter>
    </ClInclude>
    <ClInclude Include="..\src\OT\glyf\loca.hh">
      <Filter>Header Files\src\OT\glyf</Filter>
    </ClInclude>
    <ClInclude Include="..\src\OT\glyf\path-builder.hh">
      <Filter>Header Files\src\OT\glyf</Filter>
    </ClInclude>
    <ClInclude Include="..\src\OT\glyf\SimpleGlyph.hh">
      <Filter>Header Files\src\OT\glyf</Filter>
    </ClInclude>
    <ClInclude Include="..\src\OT\glyf\SubsetGlyph.hh">
      <Filter>Header Files\src\OT\glyf</Filter>
    </ClInclude>
    <ClInclude Include="..\src\OT\Layout\GPOS\Anchor.hh">
      <Filter>Header Files\src\OT\Layout\GPOS</Filter>
    </ClInclude>
    <ClInclude Include="..\src\OT\Layout\GPOS\AnchorFormat1.hh">
      <Filter>Header Files\src\OT\Layout\GPOS</Filter>
    </ClInclude>
    <ClInclude Include="..\src\OT\Layout\GPOS\AnchorFormat2.hh">
      <Filter>Header Files\src\OT\Layout\GPOS</Filter>
    </ClInclude>
    <ClInclude Include="..\src\OT\Layout\GPOS\AnchorFormat3.hh">
      <Filter>Header Files\src\OT\Layout\GPOS</Filter>
    </ClInclude>
    <ClInclude Include="..\src\OT\Layout\GPOS\AnchorMatrix.hh">
      <Filter>Header Files\src\OT\Layout\GPOS</Filter>
    </ClInclude>
    <ClInclude Include="..\src\OT\Layout\GPOS\ChainContextPos.hh">
      <Filter>Header Files\src\OT\Layout\GPOS</Filter>
    </ClInclude>
    <ClInclude Include="..\src\OT\Layout\GPOS\Common.hh">
      <Filter>Header Files\src\OT\Layout\GPOS</Filter>
    </ClInclude>
    <ClInclude Include="..\src\OT\Layout\GPOS\ContextPos.hh">
      <Filter>Header Files\src\OT\Layout\GPOS</Filter>
    </ClInclude>
    <ClInclude Include="..\src\OT\Layout\GPOS\CursivePos.hh">
      <Filter>Header Files\src\OT\Layout\GPOS</Filter>
    </ClInclude>
    <ClInclude Include="..\src\OT\Layout\GPOS\CursivePosFormat1.hh">
      <Filter>Header Files\src\OT\Layout\GPOS</Filter>
    </ClInclude>
    <ClInclude Include="..\src\OT\Layout\GPOS\ExtensionPos.hh">
      <Filter>Header Files\src\OT\Layout\GPOS</Filter>
    </ClInclude>
    <ClInclude Include="..\src\OT\Layout\GPOS\MarkArray.hh">
      <Filter>Header Files\src\OT\Layout\GPOS</Filter>
    </ClInclude>
    <ClInclude Include="..\src\OT\Layout\GPOS\MarkBasePos.hh">
      <Filter>Header Files\src\OT\Layout\GPOS</Filter>
    </ClInclude>
    <ClInclude Include="..\src\OT\Layout\GPOS\MarkBasePosFormat1.hh">
      <Filter>Header Files\src\OT\Layout\GPOS</Filter>
    </ClInclude>
    <ClInclude Include="..\src\OT\Layout\GPOS\MarkLigPos.hh">
      <Filter>Header Files\src\OT\Layout\GPOS</Filter>
    </ClInclude>
    <ClInclude Include="..\src\OT\Layout\GPOS\MarkLigPosFormat1.hh">
      <Filter>Header Files\src\OT\Layout\GPOS</Filter>
    </ClInclude>
    <ClInclude Include="..\src\OT\Layout\GPOS\MarkMarkPos.hh">
      <Filter>Header Files\src\OT\Layout\GPOS</Filter>
    </ClInclude>
    <ClInclude Include="..\src\OT\Layout\GPOS\MarkMarkPosFormat1.hh">
      <Filter>Header Files\src\OT\Layout\GPOS</Filter>
    </ClInclude>
    <ClInclude Include="..\src\OT\Layout\GPOS\MarkRecord.hh">
      <Filter>Header Files\src\OT\Layout\GPOS</Filter>
    </ClInclude>
    <ClInclude Include="..\src\OT\Layout\GPOS\PairPos.hh">
      <Filter>Header Files\src\OT\Layout\GPOS</Filter>
    </ClInclude>
    <ClInclude Include="..\src\OT\Layout\GPOS\PairPosFormat1.hh">
      <Filter>Header Files\src\OT\Layout\GPOS</Filter>
    </ClInclude>
    <ClInclude Include="..\src\OT\Layout\GPOS\PairPosFormat2.hh">
      <Filter>Header Files\src\OT\Layout\GPOS</Filter>
    </ClInclude>
    <ClInclude Include="..\src\OT\Layout\GPOS\PosLookup.hh">
      <Filter>Header Files\src\OT\Layout\GPOS</Filter>
    </ClInclude>
    <ClInclude Include="..\src\OT\Layout\GPOS\PosLookupSubTable.hh">
      <Filter>Header Files\src\OT\Layout\GPOS</Filter>
    </ClInclude>
    <ClInclude Include="..\src\OT\Layout\GPOS\SinglePos.hh">
      <Filter>Header Files\src\OT\Layout\GPOS</Filter>
    </ClInclude>
    <ClInclude Include="..\src\OT\Layout\GPOS\SinglePosFormat1.hh">
      <Filter>Header Files\src\OT\Layout\GPOS</Filter>
    </ClInclude>
    <ClInclude Include="..\src\OT\Layout\GPOS\SinglePosFormat2.hh">
      <Filter>Header Files\src\OT\Layout\GPOS</Filter>
    </ClInclude>
    <ClInclude Include="..\src\OT\Layout\GPOS\ValueFormat.hh">
      <Filter>Header Files\src\OT\Layout\GPOS</Filter>
    </ClInclude>
    <ClInclude Include="..\src\OT\Layout\types.hh">
      <Filter>Header Files\src\OT\Layout</Filter>
    </ClInclude>
    <ClInclude Include="..\src\OT\Layout\GPOS\CGPOS.hh">
      <Filter>Header Files\src\OT\Layout\GPOS</Filter>
    </ClInclude>
    <ClInclude Include="..\src\OT\Layout\GPOS\LigatureArray.hh">
      <Filter>Header Files\src\OT\Layout\GPOS</Filter>
    </ClInclude>
    <ClInclude Include="..\src\OT\Layout\GPOS\PairSet.hh">
      <Filter>Header Files\src\OT\Layout\GPOS</Filter>
    </ClInclude>
    <ClInclude Include="..\src\OT\Layout\GPOS\PairValueRecord.hh ">
      <Filter>Header Files\src\OT\Layout\GPOS</Filter>
    </ClInclude>
    <ClInclude Include="..\src\OT\Layout\Common\Coverage.hh">
      <Filter>Header Files\src\OT\Layout\Common</Filter>
    </ClInclude>
    <ClInclude Include="..\src\OT\Layout\Common\CoverageFormat1.hh">
      <Filter>Header Files\src\OT\Layout\Common</Filter>
    </ClInclude>
    <ClInclude Include="..\src\OT\Layout\Common\CoverageFormat2.hh">
      <Filter>Header Files\src\OT\Layout\Common</Filter>
    </ClInclude>
    <ClInclude Include="..\src\OT\Layout\Common\RangeRecord.hh">
      <Filter>Header Files\src\OT\Layout\Common</Filter>
    </ClInclude>
    <ClInclude Include="..\src\graph\coverage-graph.hh">
      <Filter>Header Files\src\graph</Filter>
    </ClInclude>
    <ClInclude Include="..\src\graph\gsubgpos-context.hh">
      <Filter>Header Files\src\graph</Filter>
    </ClInclude>
    <ClInclude Include="..\src\graph\gsubgpos-graph.hh">
      <Filter>Header Files\src\graph</Filter>
    </ClInclude>
    <ClInclude Include="..\src\graph\pairpos-graph.hh">
      <Filter>Header Files\src\graph</Filter>
    </ClInclude>
    <ClInclude Include="..\src\graph\split-helpers.hh">
      <Filter>Header Files\src\graph</Filter>
    </ClInclude>
    <ClInclude Include="..\src\graph\markbasepos-graph.hh">
      <Filter>Header Files\src\graph</Filter>
    </ClInclude>
    <ClInclude Include="..\src\graph\classdef-graph.hh">
      <Filter>Header Files\src\graph</Filter>
    </ClInclude>
    <ClInclude Include="..\src\hb-subset-accelerator.hh">
      <Filter>Header Files\src</Filter>
    </ClInclude>
    <ClInclude Include="..\src\hb-multimap.hh">
      <Filter>Header Files\src</Filter>
    </ClInclude>
    <ClInclude Include="..\src\OT\glyf\VarCompositeGlyph.hh">
      <Filter>Header Files\src\OT\glyf</Filter>
    </ClInclude>
    <ClInclude Include="..\src\OT\glyf\coord-setter.hh">
      <Filter>Header Files\src\OT\glyf</Filter>
    </ClInclude>
    <ClInclude Include="..\src\OT\glyf\composite-iter.hh">
      <Filter>Header Files\src\OT\glyf</Filter>
    </ClInclude>
    <ClInclude Include="src\hb-features.h">
      <Filter>Header Files</Filter>
    </ClInclude>
    <ClInclude Include="..\src\hb-limits.hh">
      <Filter>Header Files\src</Filter>
    </ClInclude>
    <ClInclude Include="..\src\hb-outline.hh">
      <Filter>Header Files\src</Filter>
    </ClInclude>
    <ClInclude Include="..\src\hb-paint.hh">
      <Filter>Header Files\src</Filter>
    </ClInclude>
    <ClInclude Include="..\src\hb-paint-extents.hh">
      <Filter>Header Files\src</Filter>
    </ClInclude>
    <ClInclude Include="..\src\OT\Layout\GDEF\GDEF.hh">
      <Filter>Header Files\src\OT\Layout\GDEF</Filter>
    </ClInclude>
    <ClInclude Include="..\src\OT\Color\CBDT\CBDT.hh">
      <Filter>Header Files\src\OT\Color\CBDT</Filter>
    </ClInclude>
    <ClInclude Include="..\src\OT\Color\COLR\COLR.hh">
      <Filter>Header Files\src\OT\Color\COLR</Filter>
    </ClInclude>
    <ClInclude Include="..\src\OT\Color\COLR\colrv1-closure.hh">
      <Filter>Header Files\src\OT\Color\COLR</Filter>
    </ClInclude>
    <ClInclude Include="..\src\OT\Color\CPAL\CPAL.hh">
      <Filter>Header Files\src\OT\Color\CPAL</Filter>
    </ClInclude>
    <ClInclude Include="..\src\OT\Color\sbix\sbix.hh">
      <Filter>Header Files\src\OT\Color\sbix</Filter>
    </ClInclude>
    <ClInclude Include="..\src\OT\Color\svg\svg.hh">
      <Filter>Header Files\src\OT\Color\svg</Filter>
    </ClInclude>
    <ClInclude Include="..\src\OT\name\name.hh">
      <Filter>Header Files\src\OT\name</Filter>
    </ClInclude>
    <ClInclude Include="..\src\hb-ft-colr.hh">
      <Filter>Header Files\src</Filter>
    </ClInclude>
  </ItemGroup>
  <ItemGroup>
    <ClCompile Include="..\src\hb-blob.cc">
      <Filter>Source Files\src</Filter>
    </ClCompile>
    <ClCompile Include="..\src\hb-buffer-serialize.cc">
      <Filter>Source Files\src</Filter>
    </ClCompile>
    <ClCompile Include="..\src\hb-buffer.cc">
      <Filter>Source Files\src</Filter>
    </ClCompile>
    <ClCompile Include="..\src\hb-common.cc">
      <Filter>Source Files\src</Filter>
    </ClCompile>
    <ClCompile Include="..\src\hb-face.cc">
      <Filter>Source Files\src</Filter>
    </ClCompile>
    <ClCompile Include="..\src\hb-fallback-shape.cc">
      <Filter>Source Files\src</Filter>
    </ClCompile>
    <ClCompile Include="..\src\hb-font.cc">
      <Filter>Source Files\src</Filter>
    </ClCompile>
    <ClCompile Include="..\src\hb-ft.cc">
      <Filter>Source Files\src</Filter>
    </ClCompile>
    <ClCompile Include="..\src\hb-ot-layout.cc">
      <Filter>Source Files\src</Filter>
    </ClCompile>
    <ClCompile Include="..\src\hb-ot-map.cc">
      <Filter>Source Files\src</Filter>
    </ClCompile>
    <ClCompile Include="..\src\hb-ot-shape-fallback.cc">
      <Filter>Source Files\src</Filter>
    </ClCompile>
    <ClCompile Include="..\src\hb-ot-shape-normalize.cc">
      <Filter>Source Files\src</Filter>
    </ClCompile>
    <ClCompile Include="..\src\hb-ot-shape.cc">
      <Filter>Source Files\src</Filter>
    </ClCompile>
    <ClCompile Include="..\src\hb-ot-tag.cc">
      <Filter>Source Files\src</Filter>
    </ClCompile>
    <ClCompile Include="..\src\hb-set.cc">
      <Filter>Source Files\src</Filter>
    </ClCompile>
    <ClCompile Include="..\src\hb-shape-plan.cc">
      <Filter>Source Files\src</Filter>
    </ClCompile>
    <ClCompile Include="..\src\hb-shape.cc">
      <Filter>Source Files\src</Filter>
    </ClCompile>
    <ClCompile Include="..\src\hb-shaper.cc">
      <Filter>Source Files\src</Filter>
    </ClCompile>
    <ClCompile Include="..\src\hb-unicode.cc">
      <Filter>Source Files\src</Filter>
    </ClCompile>
    <ClCompile Include="..\src\hb-ot-math.cc">
      <Filter>Source Files\src</Filter>
    </ClCompile>
    <ClCompile Include="..\src\hb-ot-var.cc">
      <Filter>Source Files\src</Filter>
    </ClCompile>
    <ClCompile Include="..\src\hb-aat-layout.cc">
      <Filter>Source Files\src</Filter>
    </ClCompile>
    <ClCompile Include="..\src\hb-ot-color.cc">
      <Filter>Source Files\src</Filter>
    </ClCompile>
    <ClCompile Include="..\src\hb-map.cc">
      <Filter>Source Files\src</Filter>
    </ClCompile>
    <ClCompile Include="..\src\hb-static.cc">
      <Filter>Source Files\src</Filter>
    </ClCompile>
    <ClCompile Include="..\src\hb-ot-face.cc">
      <Filter>Source Files\src</Filter>
    </ClCompile>
    <ClCompile Include="..\src\hb-ot-font.cc">
      <Filter>Source Files\src</Filter>
    </ClCompile>
    <ClCompile Include="..\src\hb-aat-map.cc">
      <Filter>Source Files\src</Filter>
    </ClCompile>
    <ClCompile Include="..\src\hb-ot-name.cc">
      <Filter>Source Files\src</Filter>
    </ClCompile>
    <ClCompile Include="..\src\hb-ot-cff1-table.cc">
      <Filter>Source Files\src</Filter>
    </ClCompile>
    <ClCompile Include="..\src\hb-ot-cff2-table.cc">
      <Filter>Source Files\src</Filter>
    </ClCompile>
    <ClCompile Include="..\src\hb-subset-cff1.cc">
      <Filter>Source Files\src</Filter>
    </ClCompile>
    <ClCompile Include="..\src\hb-subset-cff2.cc">
      <Filter>Source Files\src</Filter>
    </ClCompile>
    <ClCompile Include="..\src\hb-subset-cff-common.cc">
      <Filter>Source Files\src</Filter>
    </ClCompile>
    <ClCompile Include="..\src\hb-ucd.cc">
      <Filter>Source Files\src</Filter>
    </ClCompile>
    <ClCompile Include="..\src\hb-ot-meta.cc">
      <Filter>Source Files\src</Filter>
    </ClCompile>
    <ClCompile Include="..\src\hb-ot-metrics.cc">
      <Filter>Source Files\src</Filter>
    </ClCompile>
    <ClCompile Include="..\src\hb-number.cc">
      <Filter>Source Files\src</Filter>
    </ClCompile>
    <ClCompile Include="..\src\hb-draw.cc">
      <Filter>Source Files\src</Filter>
    </ClCompile>
    <ClCompile Include="..\src\hb-buffer-verify.cc">
      <Filter>Source Files\src</Filter>
    </ClCompile>
    <ClCompile Include="..\src\hb-subset-repacker.cc">
      <Filter>Source Files\src</Filter>
    </ClCompile>
    <ClCompile Include="..\src\hb-ot-shaper-arabic.cc">
      <Filter>Source Files\src</Filter>
    </ClCompile>
    <ClCompile Include="..\src\hb-ot-shaper-default.cc">
      <Filter>Source Files\src</Filter>
    </ClCompile>
    <ClCompile Include="..\src\hb-ot-shaper-hangul.cc">
      <Filter>Source Files\src</Filter>
    </ClCompile>
    <ClCompile Include="..\src\hb-ot-shaper-hebrew.cc">
      <Filter>Source Files\src</Filter>
    </ClCompile>
    <ClCompile Include="..\src\hb-ot-shaper-indic.cc">
      <Filter>Source Files\src</Filter>
    </ClCompile>
    <ClCompile Include="..\src\hb-ot-shaper-indic-table.cc">
      <Filter>Source Files\src</Filter>
    </ClCompile>
    <ClCompile Include="..\src\hb-ot-shaper-khmer.cc">
      <Filter>Source Files\src</Filter>
    </ClCompile>
    <ClCompile Include="..\src\hb-ot-shaper-myanmar.cc">
      <Filter>Source Files\src</Filter>
    </ClCompile>
    <ClCompile Include="..\src\hb-ot-shaper-syllabic.cc">
      <Filter>Source Files\src</Filter>
    </ClCompile>
    <ClCompile Include="..\src\hb-ot-shaper-thai.cc">
      <Filter>Source Files\src</Filter>
    </ClCompile>
    <ClCompile Include="..\src\hb-ot-shaper-use.cc">
      <Filter>Source Files\src</Filter>
    </ClCompile>
    <ClCompile Include="..\src\hb-ot-shaper-vowel-constraints.cc">
      <Filter>Source Files\src</Filter>
    </ClCompile>
    <ClCompile Include="..\src\graph\gsubgpos-context.cc">
      <Filter>Source Files\src\graph</Filter>
    </ClCompile>
    <ClCompile Include="..\src\hb-subset-instancer-solver.cc">
      <Filter>Source Files\src</Filter>
    </ClCompile>
    <ClCompile Include="..\src\hb-face-builder.cc">
      <Filter>Source Files\src</Filter>
    </ClCompile>
    <ClCompile Include="..\src\hb-outline.cc">
      <Filter>Source Files\src</Filter>
    </ClCompile>
    <ClCompile Include="..\src\hb-paint.cc">
      <Filter>Source Files\src</Filter>
    </ClCompile>
    <ClCompile Include="..\src\hb-paint-extents.cc">
      <Filter>Source Files\src</Filter>
    </ClCompile>
  </ItemGroup>
  <ItemGroup>
    <Text Include="readme.txt" />
  </ItemGroup>
</Project>